
Microsoft Visual Studio Solution File, Format Version 11.00
# Visual C# Express 2010
Project("{FAE04EC0-301F-11D3-BF4B-00C04F79EFBC}") = "usbWattMeter", "usbWattMeter\usbWattMeter.csproj", "{C3647BE9-330D-4B16-9CF6-C421B509DEF1}"
	ProjectSection(ProjectDependencies) = postProject
		{C999B884-6EC3-4AB6-AEF5-AD4D7E1E4FA9} = {C999B884-6EC3-4AB6-AEF5-AD4D7E1E4FA9}
	EndProjectSection
EndProject
Project("{FAE04EC0-301F-11D3-BF4B-00C04F79EFBC}") = "usbGenericHidCommunications_3_0_0_0", "usbGenericHidCommunications\usbGenericHidCommunications_3_0_0_0.csproj", "{C999B884-6EC3-4AB6-AEF5-AD4D7E1E4FA9}"
EndProject
Global
	GlobalSection(SolutionConfigurationPlatforms) = preSolution
		Debug|Any CPU = Debug|Any CPU
		Debug|Mixed Platforms = Debug|Mixed Platforms
		Debug|x86 = Debug|x86
		Release|Any CPU = Release|Any CPU
		Release|Mixed Platforms = Release|Mixed Platforms
		Release|x86 = Release|x86
	EndGlobalSection
	GlobalSection(ProjectConfigurationPlatforms) = postSolution
		{C3647BE9-330D-4B16-9CF6-C421B509DEF1}.Debug|Any CPU.ActiveCfg = Debug|x86
		{C3647BE9-330D-4B16-9CF6-C421B509DEF1}.Debug|Mixed Platforms.ActiveCfg = Debug|x86
		{C3647BE9-330D-4B16-9CF6-C421B509DEF1}.Debug|Mixed Platforms.Build.0 = Debug|x86
		{C3647BE9-330D-4B16-9CF6-C421B509DEF1}.Debug|x86.ActiveCfg = Debug|x86
		{C3647BE9-330D-4B16-9CF6-C421B509DEF1}.Debug|x86.Build.0 = Debug|x86
		{C3647BE9-330D-4B16-9CF6-C421B509DEF1}.Release|Any CPU.ActiveCfg = Release|x86
		{C3647BE9-330D-4B16-9CF6-C421B509DEF1}.Release|Mixed Platforms.ActiveCfg = Release|x86
		{C3647BE9-330D-4B16-9CF6-C421B509DEF1}.Release|Mixed Platforms.Build.0 = Release|x86
		{C3647BE9-330D-4B16-9CF6-C421B509DEF1}.Release|x86.ActiveCfg = Release|x86
		{C3647BE9-330D-4B16-9CF6-C421B509DEF1}.Release|x86.Build.0 = Release|x86
		{C999B884-6EC3-4AB6-AEF5-AD4D7E1E4FA9}.Debug|Any CPU.ActiveCfg = Debug|Any CPU
		{C999B884-6EC3-4AB6-AEF5-AD4D7E1E4FA9}.Debug|Any CPU.Build.0 = Debug|Any CPU
		{C999B884-6EC3-4AB6-AEF5-AD4D7E1E4FA9}.Debug|Mixed Platforms.ActiveCfg = Debug|Any CPU
		{C999B884-6EC3-4AB6-AEF5-AD4D7E1E4FA9}.Debug|Mixed Platforms.Build.0 = Debug|Any CPU
		{C999B884-6EC3-4AB6-AEF5-AD4D7E1E4FA9}.Debug|x86.ActiveCfg = Debug|Any CPU
		{C999B884-6EC3-4AB6-AEF5-AD4D7E1E4FA9}.Release|Any CPU.ActiveCfg = Release|Any CPU
		{C999B884-6EC3-4AB6-AEF5-AD4D7E1E4FA9}.Release|Any CPU.Build.0 = Release|Any CPU
		{C999B884-6EC3-4AB6-AEF5-AD4D7E1E4FA9}.Release|Mixed Platforms.ActiveCfg = Release|Any CPU
		{C999B884-6EC3-4AB6-AEF5-AD4D7E1E4FA9}.Release|Mixed Platforms.Build.0 = Release|Any CPU
		{C999B884-6EC3-4AB6-AEF5-AD4D7E1E4FA9}.Release|x86.ActiveCfg = Release|Any CPU
	EndGlobalSection
	GlobalSection(SolutionProperties) = preSolution
		HideSolutionNode = FALSE
	EndGlobalSection
EndGlobal
